
Microsoft Visual Studio Solution File, Format Version 12.00
# Visual Studio Version 16
VisualStudioVersion = 16.0.31624.102
MinimumVisualStudioVersion = 10.0.40219.1
Project("{FAE04EC0-301F-11D3-BF4B-00C04F79EFBC}") = "PatientsWebApplication", "PatientsWebApplication\PatientsWebApplication.csproj", "{114418C8-BD01-4EA1-8330-DAB017A50C90}"
EndProject
Project("{2150E333-8FDC-42A3-9474-1A3956D46DE8}") = "Solution Items", "Solution Items", "{981BD0C9-1CF4-4B9F-BF43-A5C7BA315D82}"
	ProjectSection(SolutionItems) = preProject
		.editorconfig = .editorconfig
	EndProjectSection
EndProject
Global
	GlobalSection(SolutionConfigurationPlatforms) = preSolution
		Debug|Any CPU = Debug|Any CPU
		Release|Any CPU = Release|Any CPU
	EndGlobalSection
	GlobalSection(ProjectConfigurationPlatforms) = postSolution
		{114418C8-BD01-4EA1-8330-DAB017A50C90}.Debug|Any CPU.ActiveCfg = Debug|Any CPU
		{114418C8-BD01-4EA1-8330-DAB017A50C90}.Debug|Any CPU.Build.0 = Debug|Any CPU
		{114418C8-BD01-4EA1-8330-DAB017A50C90}.Release|Any CPU.ActiveCfg = Release|Any CPU
		{114418C8-BD01-4EA1-8330-DAB017A50C90}.Release|Any CPU.Build.0 = Release|Any CPU
	EndGlobalSection
	GlobalSection(SolutionProperties) = preSolution
		HideSolutionNode = FALSE
	EndGlobalSection
	GlobalSection(ExtensibilityGlobals) = postSolution
		SolutionGuid = {CB73D5AA-8343-4D7C-86AA-3802C3887AA1}
	EndGlobalSection
EndGlobal
